
Microsoft Visual Studio Solution File, Format Version 12.00
# Visual Studio 14
VisualStudioVersion = 14.0.25420.1
MinimumVisualStudioVersion = 10.0.40219.1
Project("{FAE04EC0-301F-11D3-BF4B-00C04F79EFBC}") = "Messaging System", "Messaging System\Messaging System.csproj", "{0CBAF1BE-3234-44BB-AAE8-C81EBAEC9539}"
EndProject
Project("{FAE04EC0-301F-11D3-BF4B-00C04F79EFBC}") = "Encrpytion", "Encrpytion\Encrpytion.csproj", "{AC7834E7-B5A9-4750-8D20-25C73E5A6174}"
EndProject
Project("{FAE04EC0-301F-11D3-BF4B-00C04F79EFBC}") = "Encryption Group", "Encryption Group\Encryption Group.csproj", "{58588112-EE44-47F4-9426-3BDDA40E120F}"
EndProject
Global
	GlobalSection(SolutionConfigurationPlatforms) = preSolution
		Debug|Any CPU = Debug|Any CPU
		Release|Any CPU = Release|Any CPU
	EndGlobalSection
	GlobalSection(ProjectConfigurationPlatforms) = postSolution
		{0CBAF1BE-3234-44BB-AAE8-C81EBAEC9539}.Debug|Any CPU.ActiveCfg = Debug|Any CPU
		{0CBAF1BE-3234-44BB-AAE8-C81EBAEC9539}.Debug|Any CPU.Build.0 = Debug|Any CPU
		{0CBAF1BE-3234-44BB-AAE8-C81EBAEC9539}.Release|Any CPU.ActiveCfg = Release|Any CPU
		{0CBAF1BE-3234-44BB-AAE8-C81EBAEC9539}.Release|Any CPU.Build.0 = Release|Any CPU
		{AC7834E7-B5A9-4750-8D20-25C73E5A6174}.Debug|Any CPU.ActiveCfg = Debug|Any CPU
		{AC7834E7-B5A9-4750-8D20-25C73E5A6174}.Debug|Any CPU.Build.0 = Debug|Any CPU
		{AC7834E7-B5A9-4750-8D20-25C73E5A6174}.Release|Any CPU.ActiveCfg = Release|Any CPU
		{AC7834E7-B5A9-4750-8D20-25C73E5A6174}.Release|Any CPU.Build.0 = Release|Any CPU
		{58588112-EE44-47F4-9426-3BDDA40E120F}.Debug|Any CPU.ActiveCfg = Debug|Any CPU
		{58588112-EE44-47F4-9426-3BDDA40E120F}.Debug|Any CPU.Build.0 = Debug|Any CPU
		{58588112-EE44-47F4-9426-3BDDA40E120F}.Release|Any CPU.ActiveCfg = Release|Any CPU
		{58588112-EE44-47F4-9426-3BDDA40E120F}.Release|Any CPU.Build.0 = Release|Any CPU
	EndGlobalSection
	GlobalSection(SolutionProperties) = preSolution
		HideSolutionNode = FALSE
	EndGlobalSection
EndGlobal
